
Microsoft Visual Studio Solution File, Format Version 12.00
# Visual Studio 15
VisualStudioVersion = 15.0.27130.2003
MinimumVisualStudioVersion = 10.0.40219.1
Project("{FAE04EC0-301F-11D3-BF4B-00C04F79EFBC}") = "bldr.com", "CustomerPortalCMS\bldr.com.csproj", "{BA5AC4C2-593F-476E-8BCD-EDFB7CDFF453}"
EndProject
Global
	GlobalSection(SolutionConfigurationPlatforms) = preSolution
		Debug|Any CPU = Debug|Any CPU
		Release|Any CPU = Release|Any CPU
	EndGlobalSection
	GlobalSection(ProjectConfigurationPlatforms) = postSolution
		{BA5AC4C2-593F-476E-8BCD-EDFB7CDFF453}.Debug|Any CPU.ActiveCfg = Debug|Any CPU
		{BA5AC4C2-593F-476E-8BCD-EDFB7CDFF453}.Debug|Any CPU.Build.0 = Debug|Any CPU
		{BA5AC4C2-593F-476E-8BCD-EDFB7CDFF453}.Release|Any CPU.ActiveCfg = Release|Any CPU
		{BA5AC4C2-593F-476E-8BCD-EDFB7CDFF453}.Release|Any CPU.Build.0 = Release|Any CPU
	EndGlobalSection
	GlobalSection(SolutionProperties) = preSolution
		HideSolutionNode = FALSE
	EndGlobalSection
	GlobalSection(ExtensibilityGlobals) = postSolution
		SolutionGuid = {1BC47322-F393-4CB5-95AD-1D178F4B14D6}
	EndGlobalSection
	GlobalSection(Performance) = preSolution
		HasPerformanceSessions = true
	EndGlobalSection
EndGlobal
